
Microsoft Visual Studio Solution File, Format Version 12.00
# Visual Studio Version 17
VisualStudioVersion = 17.7.34221.43
MinimumVisualStudioVersion = 10.0.40219.1
Project("{FAE04EC0-301F-11D3-BF4B-00C04F79EFBC}") = "WebApplication1", "WebApplication1\WebApplication1.csproj", "{2D2040F5-79FC-4F1A-86A7-5AA3A52CE7EE}"
EndProject
Global
	GlobalSection(SolutionConfigurationPlatforms) = preSolution
		Debug|Any CPU = Debug|Any CPU
		Release|Any CPU = Release|Any CPU
	EndGlobalSection
	GlobalSection(ProjectConfigurationPlatforms) = postSolution
		{2D2040F5-79FC-4F1A-86A7-5AA3A52CE7EE}.Debug|Any CPU.ActiveCfg = Debug|Any CPU
		{2D2040F5-79FC-4F1A-86A7-5AA3A52CE7EE}.Debug|Any CPU.Build.0 = Debug|Any CPU
		{2D2040F5-79FC-4F1A-86A7-5AA3A52CE7EE}.Release|Any CPU.ActiveCfg = Release|Any CPU
		{2D2040F5-79FC-4F1A-86A7-5AA3A52CE7EE}.Release|Any CPU.Build.0 = Release|Any CPU
	EndGlobalSection
	GlobalSection(SolutionProperties) = preSolution
		HideSolutionNode = FALSE
	EndGlobalSection
	GlobalSection(ExtensibilityGlobals) = postSolution
		SolutionGuid = {81089961-3D0E-48BE-AE10-18D529CFB2B6}
	EndGlobalSection
EndGlobal
